
Microsoft Visual Studio Solution File, Format Version 12.00
# Visual Studio Version 17
VisualStudioVersion = 17.10.34928.147
MinimumVisualStudioVersion = 10.0.40219.1
Project("{FAE04EC0-301F-11D3-BF4B-00C04F79EFBC}") = "AspApi", "AspApi\AspApi.csproj", "{31DF95B4-274A-4905-85AC-346C2BEBA196}"
EndProject
Global
	GlobalSection(SolutionConfigurationPlatforms) = preSolution
		Debug|Any CPU = Debug|Any CPU
		Release|Any CPU = Release|Any CPU
	EndGlobalSection
	GlobalSection(ProjectConfigurationPlatforms) = postSolution
		{31DF95B4-274A-4905-85AC-346C2BEBA196}.Debug|Any CPU.ActiveCfg = Debug|Any CPU
		{31DF95B4-274A-4905-85AC-346C2BEBA196}.Debug|Any CPU.Build.0 = Debug|Any CPU
		{31DF95B4-274A-4905-85AC-346C2BEBA196}.Release|Any CPU.ActiveCfg = Release|Any CPU
		{31DF95B4-274A-4905-85AC-346C2BEBA196}.Release|Any CPU.Build.0 = Release|Any CPU
	EndGlobalSection
	GlobalSection(SolutionProperties) = preSolution
		HideSolutionNode = FALSE
	EndGlobalSection
	GlobalSection(ExtensibilityGlobals) = postSolution
		SolutionGuid = {FF2154F5-CD0B-4223-8B78-01DBE1EB53A1}
	EndGlobalSection
EndGlobal
